dependencies:
- name: mysql
  repository: https://charts.bitnami.com/bitnami
  version: 9.4.4
- name: clusterpedia
  repository: https://clusterpedia-io.github.io/clusterpedia-helm
  version: 1.0.2
digest: sha256:f508cbb279e5a6316b5616be87e1f7928d58265f5b1d492b3a44a0edebc35cf7
generated: "2022-11-23T17:47:01.679064+08:00"
