dependencies:
- name: mysql
  repository: https://charts.bitnami.com/bitnami
  version: 9.3.0
- name: clusterpedia
  repository: https://clusterpedia-io.github.io/clusterpedia/charts
  version: 0.0.2
digest: sha256:cd49551853c8738908798667ed52eb6c8fa3476b7f48b208f462dc06e1e896db
generated: "2022-08-23T21:45:06.702521+08:00"
