dependencies:
- name: mysql
  repository: https://jibutech.github.io/helm-charts
  version: 1.0.2
- name: clusterpedia
  repository: https://clusterpedia-io.github.io/clusterpedia-helm
  version: 1.4.1
- name: dex
  repository: https://charts.dexidp.io
  version: 0.14.1
digest: sha256:c3d4b40d195e77ac49476571e8336582aedbd4cbf76e05b8ce4ff83a30d4381a
generated: "2023-05-20T01:23:30.117147+08:00"
