dependencies:
- name: mysql
  repository: https://jibutech.github.io/helm-charts
  version: 1.0.1
- name: clusterpedia
  repository: https://clusterpedia-io.github.io/clusterpedia-helm
  version: 1.4.0
digest: sha256:468be508bfa9ac423a53ff6ea9332400c90d8c35d8a5e04371610ff4803235d1
generated: "2023-02-01T12:14:00.974414+08:00"
